
Microsoft Visual Studio Solution File, Format Version 12.00
# Visual Studio Version 16
VisualStudioVersion = 16.0.30523.141
MinimumVisualStudioVersion = 10.0.40219.1
Project("{FAE04EC0-301F-11D3-BF4B-00C04F79EFBC}") = "ltimer", "ltimer.csproj", "{1EC5F5BB-2DF7-44E4-9779-675852B715F9}"
EndProject
Global
	GlobalSection(SolutionConfigurationPlatforms) = preSolution
		Debug|Any CPU = Debug|Any CPU
		Debug|x64 = Debug|x64
		Release|Any CPU = Release|Any CPU
		Release|x64 = Release|x64
	EndGlobalSection
	GlobalSection(ProjectConfigurationPlatforms) = postSolution
		{1EC5F5BB-2DF7-44E4-9779-675852B715F9}.Debug|Any CPU.ActiveCfg = Debug|Any CPU
		{1EC5F5BB-2DF7-44E4-9779-675852B715F9}.Debug|Any CPU.Build.0 = Debug|Any CPU
		{1EC5F5BB-2DF7-44E4-9779-675852B715F9}.Debug|x64.ActiveCfg = Debug|x64
		{1EC5F5BB-2DF7-44E4-9779-675852B715F9}.Debug|x64.Build.0 = Debug|x64
		{1EC5F5BB-2DF7-44E4-9779-675852B715F9}.Release|Any CPU.ActiveCfg = Release|Any CPU
		{1EC5F5BB-2DF7-44E4-9779-675852B715F9}.Release|Any CPU.Build.0 = Release|Any CPU
		{1EC5F5BB-2DF7-44E4-9779-675852B715F9}.Release|x64.ActiveCfg = Release|x64
		{1EC5F5BB-2DF7-44E4-9779-675852B715F9}.Release|x64.Build.0 = Release|x64
	EndGlobalSection
	GlobalSection(SolutionProperties) = preSolution
		HideSolutionNode = FALSE
	EndGlobalSection
	GlobalSection(ExtensibilityGlobals) = postSolution
		SolutionGuid = {5E44C944-E81D-4746-A8A7-58273816093B}
	EndGlobalSection
EndGlobal
